
Microsoft Visual Studio Solution File, Format Version 12.00
# Visual Studio 14
VisualStudioVersion = 14.0.25420.1
MinimumVisualStudioVersion = 10.0.40219.1
Project("{8BC9CEB8-8B4A-11D0-8D11-00A0C91BC942}") = "StockApplication", "StockApplication\StockApplication.vcxproj", "{06844330-7272-484E-8D79-83CADB7ADE41}"
EndProject
Project("{8BC9CEB8-8B4A-11D0-8D11-00A0C91BC942}") = "TestStockApplication", "TestStockApplication\TestStockApplication.vcxproj", "{ADFD6C0E-D616-4991-810F-8B5AB9CA24EF}"
EndProject
Project("{8BC9CEB8-8B4A-11D0-8D11-00A0C91BC942}") = "Stocks", "Stocks\Stocks.vcxproj", "{4A13B1C4-5E56-47C1-906C-901F5F735965}"
EndProject
Global
	GlobalSection(SolutionConfigurationPlatforms) = preSolution
		Debug|x64 = Debug|x64
		Debug|x86 = Debug|x86
		Release|x64 = Release|x64
		Release|x86 = Release|x86
	EndGlobalSection
	GlobalSection(ProjectConfigurationPlatforms) = postSolution
		{06844330-7272-484E-8D79-83CADB7ADE41}.Debug|x64.ActiveCfg = Debug|x64
		{06844330-7272-484E-8D79-83CADB7ADE41}.Debug|x64.Build.0 = Debug|x64
		{06844330-7272-484E-8D79-83CADB7ADE41}.Debug|x86.ActiveCfg = Debug|Win32
		{06844330-7272-484E-8D79-83CADB7ADE41}.Debug|x86.Build.0 = Debug|Win32
		{06844330-7272-484E-8D79-83CADB7ADE41}.Release|x64.ActiveCfg = Release|x64
		{06844330-7272-484E-8D79-83CADB7ADE41}.Release|x64.Build.0 = Release|x64
		{06844330-7272-484E-8D79-83CADB7ADE41}.Release|x86.ActiveCfg = Release|Win32
		{06844330-7272-484E-8D79-83CADB7ADE41}.Release|x86.Build.0 = Release|Win32
		{ADFD6C0E-D616-4991-810F-8B5AB9CA24EF}.Debug|x64.ActiveCfg = Debug|x64
		{ADFD6C0E-D616-4991-810F-8B5AB9CA24EF}.Debug|x64.Build.0 = Debug|x64
		{ADFD6C0E-D616-4991-810F-8B5AB9CA24EF}.Debug|x86.ActiveCfg = Debug|Win32
		{ADFD6C0E-D616-4991-810F-8B5AB9CA24EF}.Debug|x86.Build.0 = Debug|Win32
		{ADFD6C0E-D616-4991-810F-8B5AB9CA24EF}.Release|x64.ActiveCfg = Release|x64
		{ADFD6C0E-D616-4991-810F-8B5AB9CA24EF}.Release|x64.Build.0 = Release|x64
		{ADFD6C0E-D616-4991-810F-8B5AB9CA24EF}.Release|x86.ActiveCfg = Release|Win32
		{ADFD6C0E-D616-4991-810F-8B5AB9CA24EF}.Release|x86.Build.0 = Release|Win32
		{4A13B1C4-5E56-47C1-906C-901F5F735965}.Debug|x64.ActiveCfg = Debug|x64
		{4A13B1C4-5E56-47C1-906C-901F5F735965}.Debug|x64.Build.0 = Debug|x64
		{4A13B1C4-5E56-47C1-906C-901F5F735965}.Debug|x86.ActiveCfg = Debug|Win32
		{4A13B1C4-5E56-47C1-906C-901F5F735965}.Debug|x86.Build.0 = Debug|Win32
		{4A13B1C4-5E56-47C1-906C-901F5F735965}.Release|x64.ActiveCfg = Release|x64
		{4A13B1C4-5E56-47C1-906C-901F5F735965}.Release|x64.Build.0 = Release|x64
		{4A13B1C4-5E56-47C1-906C-901F5F735965}.Release|x86.ActiveCfg = Release|Win32
		{4A13B1C4-5E56-47C1-906C-901F5F735965}.Release|x86.Build.0 = Release|Win32
	EndGlobalSection
	GlobalSection(SolutionProperties) = preSolution
		HideSolutionNode = FALSE
	EndGlobalSection
EndGlobal
